
Microsoft Visual Studio Solution File, Format Version 12.00
# Visual Studio Version 17
VisualStudioVersion = 17.1.32210.238
MinimumVisualStudioVersion = 10.0.40219.1
Project("{FAE04EC0-301F-11D3-BF4B-00C04F79EFBC}") = "modul2_1302204035", "modul2_1302204035\modul2_1302204035.csproj", "{F135C426-4860-499E-8BD4-1C097EE57AFD}"
EndProject
Global
	GlobalSection(SolutionConfigurationPlatforms) = preSolution
		Debug|Any CPU = Debug|Any CPU
		Release|Any CPU = Release|Any CPU
	EndGlobalSection
	GlobalSection(ProjectConfigurationPlatforms) = postSolution
		{F135C426-4860-499E-8BD4-1C097EE57AFD}.Debug|Any CPU.ActiveCfg = Debug|Any CPU
		{F135C426-4860-499E-8BD4-1C097EE57AFD}.Debug|Any CPU.Build.0 = Debug|Any CPU
		{F135C426-4860-499E-8BD4-1C097EE57AFD}.Release|Any CPU.ActiveCfg = Release|Any CPU
		{F135C426-4860-499E-8BD4-1C097EE57AFD}.Release|Any CPU.Build.0 = Release|Any CPU
	EndGlobalSection
	GlobalSection(SolutionProperties) = preSolution
		HideSolutionNode = FALSE
	EndGlobalSection
	GlobalSection(ExtensibilityGlobals) = postSolution
		SolutionGuid = {475374FE-8927-444A-9E6A-F242ECDF7E31}
	EndGlobalSection
EndGlobal
